
Microsoft Visual Studio Solution File, Format Version 12.00
# Visual Studio Version 17
VisualStudioVersion = 17.0.31903.59
MinimumVisualStudioVersion = 10.0.40219.1
Project("{FAE04EC0-301F-11D3-BF4B-00C04F79EFBC}") = "MasterApp.WebApi", "MasterApp.WebApi\MasterApp.WebApi.csproj", "{5767F9BE-BD10-432E-832C-AE1C2483AB47}"
EndProject
Project("{2150E333-8FDC-42A3-9474-1A3956D46DE8}") = "Auth", "Auth", "{183AEB3A-A086-1D8D-C95E-6378F77647C3}"
EndProject
Project("{FAE04EC0-301F-11D3-BF4B-00C04F79EFBC}") = "MasterApp.Auth.Domain", "Auth\MasterApp.Auth.Domain\MasterApp.Auth.Domain.csproj", "{35930775-2533-4392-B504-0153EB56003C}"
EndProject
Project("{FAE04EC0-301F-11D3-BF4B-00C04F79EFBC}") = "MasterApp.Auth.Application", "Auth\MasterApp.Auth.Application\MasterApp.Auth.Application.csproj", "{A7B21F28-E59A-4BE3-95E4-9877FFD46D53}"
EndProject
Project("{FAE04EC0-301F-11D3-BF4B-00C04F79EFBC}") = "MasterApp.Auth.Infrastructure", "Auth\MasterApp.Auth.Infrastructure\MasterApp.Auth.Infrastructure.csproj", "{C1ACDDF0-755A-4A58-9656-36F7C26960BE}"
EndProject
Project("{2150E333-8FDC-42A3-9474-1A3956D46DE8}") = "Master", "Master", "{E49D7657-865C-8666-75EB-C47762A8CF49}"
EndProject
Project("{FAE04EC0-301F-11D3-BF4B-00C04F79EFBC}") = "MasterApp.Domain", "Master\MasterApp.Domain\MasterApp.Domain.csproj", "{D490149D-5CB7-4B6A-A9F9-65641D705C2E}"
EndProject
Project("{FAE04EC0-301F-11D3-BF4B-00C04F79EFBC}") = "MasterApp.Application", "Master\MasterApp.Application\MasterApp.Application.csproj", "{CA309A7E-76DB-497C-801A-00250D95916B}"
EndProject
Project("{FAE04EC0-301F-11D3-BF4B-00C04F79EFBC}") = "MasterApp.Infrastructure", "Master\MasterApp.Infrastructure\MasterApp.Infrastructure.csproj", "{40EDC59E-C792-4216-AA4A-0103C29B9E7B}"
EndProject
Project("{2150E333-8FDC-42A3-9474-1A3956D46DE8}") = "Files", "Files", "{9F5E6384-8D91-7B30-BF94-463B36B69FC3}"
EndProject
Project("{FAE04EC0-301F-11D3-BF4B-00C04F79EFBC}") = "MasterApp.Files.Domain", "Files\MasterApp.Files.Domain\MasterApp.Files.Domain.csproj", "{E3CBC349-24E7-4898-BF28-0B3D058879B0}"
EndProject
Project("{FAE04EC0-301F-11D3-BF4B-00C04F79EFBC}") = "MasterApp.Files.Contracts", "Files\MasterApp.Files.Contracts\MasterApp.Files.Contracts.csproj", "{FF46D6FA-8DAC-4B79-907C-302E1D6D529E}"
EndProject
Project("{FAE04EC0-301F-11D3-BF4B-00C04F79EFBC}") = "MasterApp.Files.Contracts.Implementations", "Files\MasterApp.Files.Contracts.Implementations\MasterApp.Files.Contracts.Implementations.csproj", "{38B60551-D26E-4858-B281-6975999BAE3C}"
EndProject
Project("{FAE04EC0-301F-11D3-BF4B-00C04F79EFBC}") = "MasterApp.Files.UseCases", "Files\MasterApp.Files.UseCases\MasterApp.Files.UseCases.csproj", "{47C14F5C-D9C5-4C9D-9018-212563E060EB}"
EndProject
Project("{FAE04EC0-301F-11D3-BF4B-00C04F79EFBC}") = "MasterApp.Files.Infrastructure", "Files\MasterApp.Files.Infrastructure\MasterApp.Files.Infrastructure.csproj", "{C7F577EE-5ECE-4CF6-A8B8-1577946F3710}"
EndProject
Project("{FAE04EC0-301F-11D3-BF4B-00C04F79EFBC}") = "MasterApp.Files.Controllers", "Files\MasterApp.Files.Controllers\MasterApp.Files.Controllers.csproj", "{DEEBED68-E058-4017-AD89-6104C08347DE}"
EndProject
Project("{2150E333-8FDC-42A3-9474-1A3956D46DE8}") = "Solution Items", "Solution Items", "{D2765A2C-B237-4BB1-A12E-E60AE2FAACE5}"
	ProjectSection(SolutionItems) = preProject
		..\.gitlab-ci.yml = ..\.gitlab-ci.yml
		..\deploy\k8s\configmap.yaml = ..\deploy\k8s\configmap.yaml
		..\deploy\k8s\deployment.yaml = ..\deploy\k8s\deployment.yaml
		..\Dockerfile = ..\Dockerfile
		..\deploy\k8s\secret.yaml = ..\deploy\k8s\secret.yaml
		..\deploy\k8s\service.yaml = ..\deploy\k8s\service.yaml
	EndProjectSection
EndProject
Project("{FAE04EC0-301F-11D3-BF4B-00C04F79EFBC}") = "MasterApp.Migrator", "MasterApp.Migrator\MasterApp.Migrator.csproj", "{7ED4AF60-760E-4044-8BB6-FA42C1395217}"
EndProject
Global
	GlobalSection(SolutionConfigurationPlatforms) = preSolution
		Debug|Any CPU = Debug|Any CPU
		Debug|x64 = Debug|x64
		Debug|x86 = Debug|x86
		Release|Any CPU = Release|Any CPU
		Release|x64 = Release|x64
		Release|x86 = Release|x86
	EndGlobalSection
	GlobalSection(ProjectConfigurationPlatforms) = postSolution
		{5767F9BE-BD10-432E-832C-AE1C2483AB47}.Debug|Any CPU.ActiveCfg = Debug|Any CPU
		{5767F9BE-BD10-432E-832C-AE1C2483AB47}.Debug|Any CPU.Build.0 = Debug|Any CPU
		{5767F9BE-BD10-432E-832C-AE1C2483AB47}.Debug|x64.ActiveCfg = Debug|Any CPU
		{5767F9BE-BD10-432E-832C-AE1C2483AB47}.Debug|x64.Build.0 = Debug|Any CPU
		{5767F9BE-BD10-432E-832C-AE1C2483AB47}.Debug|x86.ActiveCfg = Debug|Any CPU
		{5767F9BE-BD10-432E-832C-AE1C2483AB47}.Debug|x86.Build.0 = Debug|Any CPU
		{5767F9BE-BD10-432E-832C-AE1C2483AB47}.Release|Any CPU.ActiveCfg = Release|Any CPU
		{5767F9BE-BD10-432E-832C-AE1C2483AB47}.Release|Any CPU.Build.0 = Release|Any CPU
		{5767F9BE-BD10-432E-832C-AE1C2483AB47}.Release|x64.ActiveCfg = Release|Any CPU
		{5767F9BE-BD10-432E-832C-AE1C2483AB47}.Release|x64.Build.0 = Release|Any CPU
		{5767F9BE-BD10-432E-832C-AE1C2483AB47}.Release|x86.ActiveCfg = Release|Any CPU
		{5767F9BE-BD10-432E-832C-AE1C2483AB47}.Release|x86.Build.0 = Release|Any CPU
		{35930775-2533-4392-B504-0153EB56003C}.Debug|Any CPU.ActiveCfg = Debug|Any CPU
		{35930775-2533-4392-B504-0153EB56003C}.Debug|Any CPU.Build.0 = Debug|Any CPU
		{35930775-2533-4392-B504-0153EB56003C}.Debug|x64.ActiveCfg = Debug|Any CPU
		{35930775-2533-4392-B504-0153EB56003C}.Debug|x64.Build.0 = Debug|Any CPU
		{35930775-2533-4392-B504-0153EB56003C}.Debug|x86.ActiveCfg = Debug|Any CPU
		{35930775-2533-4392-B504-0153EB56003C}.Debug|x86.Build.0 = Debug|Any CPU
		{35930775-2533-4392-B504-0153EB56003C}.Release|Any CPU.ActiveCfg = Release|Any CPU
		{35930775-2533-4392-B504-0153EB56003C}.Release|Any CPU.Build.0 = Release|Any CPU
		{35930775-2533-4392-B504-0153EB56003C}.Release|x64.ActiveCfg = Release|Any CPU
		{35930775-2533-4392-B504-0153EB56003C}.Release|x64.Build.0 = Release|Any CPU
		{35930775-2533-4392-B504-0153EB56003C}.Release|x86.ActiveCfg = Release|Any CPU
		{35930775-2533-4392-B504-0153EB56003C}.Release|x86.Build.0 = Release|Any CPU
		{A7B21F28-E59A-4BE3-95E4-9877FFD46D53}.Debug|Any CPU.ActiveCfg = Debug|Any CPU
		{A7B21F28-E59A-4BE3-95E4-9877FFD46D53}.Debug|Any CPU.Build.0 = Debug|Any CPU
		{A7B21F28-E59A-4BE3-95E4-9877FFD46D53}.Debug|x64.ActiveCfg = Debug|Any CPU
		{A7B21F28-E59A-4BE3-95E4-9877FFD46D53}.Debug|x64.Build.0 = Debug|Any CPU
		{A7B21F28-E59A-4BE3-95E4-9877FFD46D53}.Debug|x86.ActiveCfg = Debug|Any CPU
		{A7B21F28-E59A-4BE3-95E4-9877FFD46D53}.Debug|x86.Build.0 = Debug|Any CPU
		{A7B21F28-E59A-4BE3-95E4-9877FFD46D53}.Release|Any CPU.ActiveCfg = Release|Any CPU
		{A7B21F28-E59A-4BE3-95E4-9877FFD46D53}.Release|Any CPU.Build.0 = Release|Any CPU
		{A7B21F28-E59A-4BE3-95E4-9877FFD46D53}.Release|x64.ActiveCfg = Release|Any CPU
		{A7B21F28-E59A-4BE3-95E4-9877FFD46D53}.Release|x64.Build.0 = Release|Any CPU
		{A7B21F28-E59A-4BE3-95E4-9877FFD46D53}.Release|x86.ActiveCfg = Release|Any CPU
		{A7B21F28-E59A-4BE3-95E4-9877FFD46D53}.Release|x86.Build.0 = Release|Any CPU
		{C1ACDDF0-755A-4A58-9656-36F7C26960BE}.Debug|Any CPU.ActiveCfg = Debug|Any CPU
		{C1ACDDF0-755A-4A58-9656-36F7C26960BE}.Debug|Any CPU.Build.0 = Debug|Any CPU
		{C1ACDDF0-755A-4A58-9656-36F7C26960BE}.Debug|x64.ActiveCfg = Debug|Any CPU
		{C1ACDDF0-755A-4A58-9656-36F7C26960BE}.Debug|x64.Build.0 = Debug|Any CPU
		{C1ACDDF0-755A-4A58-9656-36F7C26960BE}.Debug|x86.ActiveCfg = Debug|Any CPU
		{C1ACDDF0-755A-4A58-9656-36F7C26960BE}.Debug|x86.Build.0 = Debug|Any CPU
		{C1ACDDF0-755A-4A58-9656-36F7C26960BE}.Release|Any CPU.ActiveCfg = Release|Any CPU
		{C1ACDDF0-755A-4A58-9656-36F7C26960BE}.Release|Any CPU.Build.0 = Release|Any CPU
		{C1ACDDF0-755A-4A58-9656-36F7C26960BE}.Release|x64.ActiveCfg = Release|Any CPU
		{C1ACDDF0-755A-4A58-9656-36F7C26960BE}.Release|x64.Build.0 = Release|Any CPU
		{C1ACDDF0-755A-4A58-9656-36F7C26960BE}.Release|x86.ActiveCfg = Release|Any CPU
		{C1ACDDF0-755A-4A58-9656-36F7C26960BE}.Release|x86.Build.0 = Release|Any CPU
		{D490149D-5CB7-4B6A-A9F9-65641D705C2E}.Debug|Any CPU.ActiveCfg = Debug|Any CPU
		{D490149D-5CB7-4B6A-A9F9-65641D705C2E}.Debug|Any CPU.Build.0 = Debug|Any CPU
		{D490149D-5CB7-4B6A-A9F9-65641D705C2E}.Debug|x64.ActiveCfg = Debug|Any CPU
		{D490149D-5CB7-4B6A-A9F9-65641D705C2E}.Debug|x64.Build.0 = Debug|Any CPU
		{D490149D-5CB7-4B6A-A9F9-65641D705C2E}.Debug|x86.ActiveCfg = Debug|Any CPU
		{D490149D-5CB7-4B6A-A9F9-65641D705C2E}.Debug|x86.Build.0 = Debug|Any CPU
		{D490149D-5CB7-4B6A-A9F9-65641D705C2E}.Release|Any CPU.ActiveCfg = Release|Any CPU
		{D490149D-5CB7-4B6A-A9F9-65641D705C2E}.Release|Any CPU.Build.0 = Release|Any CPU
		{D490149D-5CB7-4B6A-A9F9-65641D705C2E}.Release|x64.ActiveCfg = Release|Any CPU
		{D490149D-5CB7-4B6A-A9F9-65641D705C2E}.Release|x64.Build.0 = Release|Any CPU
		{D490149D-5CB7-4B6A-A9F9-65641D705C2E}.Release|x86.ActiveCfg = Release|Any CPU
		{D490149D-5CB7-4B6A-A9F9-65641D705C2E}.Release|x86.Build.0 = Release|Any CPU
		{CA309A7E-76DB-497C-801A-00250D95916B}.Debug|Any CPU.ActiveCfg = Debug|Any CPU
		{CA309A7E-76DB-497C-801A-00250D95916B}.Debug|Any CPU.Build.0 = Debug|Any CPU
		{CA309A7E-76DB-497C-801A-00250D95916B}.Debug|x64.ActiveCfg = Debug|Any CPU
		{CA309A7E-76DB-497C-801A-00250D95916B}.Debug|x64.Build.0 = Debug|Any CPU
		{CA309A7E-76DB-497C-801A-00250D95916B}.Debug|x86.ActiveCfg = Debug|Any CPU
		{CA309A7E-76DB-497C-801A-00250D95916B}.Debug|x86.Build.0 = Debug|Any CPU
		{CA309A7E-76DB-497C-801A-00250D95916B}.Release|Any CPU.ActiveCfg = Release|Any CPU
		{CA309A7E-76DB-497C-801A-00250D95916B}.Release|Any CPU.Build.0 = Release|Any CPU
		{CA309A7E-76DB-497C-801A-00250D95916B}.Release|x64.ActiveCfg = Release|Any CPU
		{CA309A7E-76DB-497C-801A-00250D95916B}.Release|x64.Build.0 = Release|Any CPU
		{CA309A7E-76DB-497C-801A-00250D95916B}.Release|x86.ActiveCfg = Release|Any CPU
		{CA309A7E-76DB-497C-801A-00250D95916B}.Release|x86.Build.0 = Release|Any CPU
		{40EDC59E-C792-4216-AA4A-0103C29B9E7B}.Debug|Any CPU.ActiveCfg = Debug|Any CPU
		{40EDC59E-C792-4216-AA4A-0103C29B9E7B}.Debug|Any CPU.Build.0 = Debug|Any CPU
		{40EDC59E-C792-4216-AA4A-0103C29B9E7B}.Debug|x64.ActiveCfg = Debug|Any CPU
		{40EDC59E-C792-4216-AA4A-0103C29B9E7B}.Debug|x64.Build.0 = Debug|Any CPU
		{40EDC59E-C792-4216-AA4A-0103C29B9E7B}.Debug|x86.ActiveCfg = Debug|Any CPU
		{40EDC59E-C792-4216-AA4A-0103C29B9E7B}.Debug|x86.Build.0 = Debug|Any CPU
		{40EDC59E-C792-4216-AA4A-0103C29B9E7B}.Release|Any CPU.ActiveCfg = Release|Any CPU
		{40EDC59E-C792-4216-AA4A-0103C29B9E7B}.Release|Any CPU.Build.0 = Release|Any CPU
		{40EDC59E-C792-4216-AA4A-0103C29B9E7B}.Release|x64.ActiveCfg = Release|Any CPU
		{40EDC59E-C792-4216-AA4A-0103C29B9E7B}.Release|x64.Build.0 = Release|Any CPU
		{40EDC59E-C792-4216-AA4A-0103C29B9E7B}.Release|x86.ActiveCfg = Release|Any CPU
		{40EDC59E-C792-4216-AA4A-0103C29B9E7B}.Release|x86.Build.0 = Release|Any CPU
		{E3CBC349-24E7-4898-BF28-0B3D058879B0}.Debug|Any CPU.ActiveCfg = Debug|Any CPU
		{E3CBC349-24E7-4898-BF28-0B3D058879B0}.Debug|Any CPU.Build.0 = Debug|Any CPU
		{E3CBC349-24E7-4898-BF28-0B3D058879B0}.Debug|x64.ActiveCfg = Debug|Any CPU
		{E3CBC349-24E7-4898-BF28-0B3D058879B0}.Debug|x64.Build.0 = Debug|Any CPU
		{E3CBC349-24E7-4898-BF28-0B3D058879B0}.Debug|x86.ActiveCfg = Debug|Any CPU
		{E3CBC349-24E7-4898-BF28-0B3D058879B0}.Debug|x86.Build.0 = Debug|Any CPU
		{E3CBC349-24E7-4898-BF28-0B3D058879B0}.Release|Any CPU.ActiveCfg = Release|Any CPU
		{E3CBC349-24E7-4898-BF28-0B3D058879B0}.Release|Any CPU.Build.0 = Release|Any CPU
		{E3CBC349-24E7-4898-BF28-0B3D058879B0}.Release|x64.ActiveCfg = Release|Any CPU
		{E3CBC349-24E7-4898-BF28-0B3D058879B0}.Release|x64.Build.0 = Release|Any CPU
		{E3CBC349-24E7-4898-BF28-0B3D058879B0}.Release|x86.ActiveCfg = Release|Any CPU
		{E3CBC349-24E7-4898-BF28-0B3D058879B0}.Release|x86.Build.0 = Release|Any CPU
		{FF46D6FA-8DAC-4B79-907C-302E1D6D529E}.Debug|Any CPU.ActiveCfg = Debug|Any CPU
		{FF46D6FA-8DAC-4B79-907C-302E1D6D529E}.Debug|Any CPU.Build.0 = Debug|Any CPU
		{FF46D6FA-8DAC-4B79-907C-302E1D6D529E}.Debug|x64.ActiveCfg = Debug|Any CPU
		{FF46D6FA-8DAC-4B79-907C-302E1D6D529E}.Debug|x64.Build.0 = Debug|Any CPU
		{FF46D6FA-8DAC-4B79-907C-302E1D6D529E}.Debug|x86.ActiveCfg = Debug|Any CPU
		{FF46D6FA-8DAC-4B79-907C-302E1D6D529E}.Debug|x86.Build.0 = Debug|Any CPU
		{FF46D6FA-8DAC-4B79-907C-302E1D6D529E}.Release|Any CPU.ActiveCfg = Release|Any CPU
		{FF46D6FA-8DAC-4B79-907C-302E1D6D529E}.Release|Any CPU.Build.0 = Release|Any CPU
		{FF46D6FA-8DAC-4B79-907C-302E1D6D529E}.Release|x64.ActiveCfg = Release|Any CPU
		{FF46D6FA-8DAC-4B79-907C-302E1D6D529E}.Release|x64.Build.0 = Release|Any CPU
		{FF46D6FA-8DAC-4B79-907C-302E1D6D529E}.Release|x86.ActiveCfg = Release|Any CPU
		{FF46D6FA-8DAC-4B79-907C-302E1D6D529E}.Release|x86.Build.0 = Release|Any CPU
		{38B60551-D26E-4858-B281-6975999BAE3C}.Debug|Any CPU.ActiveCfg = Debug|Any CPU
		{38B60551-D26E-4858-B281-6975999BAE3C}.Debug|Any CPU.Build.0 = Debug|Any CPU
		{38B60551-D26E-4858-B281-6975999BAE3C}.Debug|x64.ActiveCfg = Debug|Any CPU
		{38B60551-D26E-4858-B281-6975999BAE3C}.Debug|x64.Build.0 = Debug|Any CPU
		{38B60551-D26E-4858-B281-6975999BAE3C}.Debug|x86.ActiveCfg = Debug|Any CPU
		{38B60551-D26E-4858-B281-6975999BAE3C}.Debug|x86.Build.0 = Debug|Any CPU
		{38B60551-D26E-4858-B281-6975999BAE3C}.Release|Any CPU.ActiveCfg = Release|Any CPU
		{38B60551-D26E-4858-B281-6975999BAE3C}.Release|Any CPU.Build.0 = Release|Any CPU
		{38B60551-D26E-4858-B281-6975999BAE3C}.Release|x64.ActiveCfg = Release|Any CPU
		{38B60551-D26E-4858-B281-6975999BAE3C}.Release|x64.Build.0 = Release|Any CPU
		{38B60551-D26E-4858-B281-6975999BAE3C}.Release|x86.ActiveCfg = Release|Any CPU
		{38B60551-D26E-4858-B281-6975999BAE3C}.Release|x86.Build.0 = Release|Any CPU
		{47C14F5C-D9C5-4C9D-9018-212563E060EB}.Debug|Any CPU.ActiveCfg = Debug|Any CPU
		{47C14F5C-D9C5-4C9D-9018-212563E060EB}.Debug|Any CPU.Build.0 = Debug|Any CPU
		{47C14F5C-D9C5-4C9D-9018-212563E060EB}.Debug|x64.ActiveCfg = Debug|Any CPU
		{47C14F5C-D9C5-4C9D-9018-212563E060EB}.Debug|x64.Build.0 = Debug|Any CPU
		{47C14F5C-D9C5-4C9D-9018-212563E060EB}.Debug|x86.ActiveCfg = Debug|Any CPU
		{47C14F5C-D9C5-4C9D-9018-212563E060EB}.Debug|x86.Build.0 = Debug|Any CPU
		{47C14F5C-D9C5-4C9D-9018-212563E060EB}.Release|Any CPU.ActiveCfg = Release|Any CPU
		{47C14F5C-D9C5-4C9D-9018-212563E060EB}.Release|Any CPU.Build.0 = Release|Any CPU
		{47C14F5C-D9C5-4C9D-9018-212563E060EB}.Release|x64.ActiveCfg = Release|Any CPU
		{47C14F5C-D9C5-4C9D-9018-212563E060EB}.Release|x64.Build.0 = Release|Any CPU
		{47C14F5C-D9C5-4C9D-9018-212563E060EB}.Release|x86.ActiveCfg = Release|Any CPU
		{47C14F5C-D9C5-4C9D-9018-212563E060EB}.Release|x86.Build.0 = Release|Any CPU
		{C7F577EE-5ECE-4CF6-A8B8-1577946F3710}.Debug|Any CPU.ActiveCfg = Debug|Any CPU
		{C7F577EE-5ECE-4CF6-A8B8-1577946F3710}.Debug|Any CPU.Build.0 = Debug|Any CPU
		{C7F577EE-5ECE-4CF6-A8B8-1577946F3710}.Debug|x64.ActiveCfg = Debug|Any CPU
		{C7F577EE-5ECE-4CF6-A8B8-1577946F3710}.Debug|x64.Build.0 = Debug|Any CPU
		{C7F577EE-5ECE-4CF6-A8B8-1577946F3710}.Debug|x86.ActiveCfg = Debug|Any CPU
		{C7F577EE-5ECE-4CF6-A8B8-1577946F3710}.Debug|x86.Build.0 = Debug|Any CPU
		{C7F577EE-5ECE-4CF6-A8B8-1577946F3710}.Release|Any CPU.ActiveCfg = Release|Any CPU
		{C7F577EE-5ECE-4CF6-A8B8-1577946F3710}.Release|Any CPU.Build.0 = Release|Any CPU
		{C7F577EE-5ECE-4CF6-A8B8-1577946F3710}.Release|x64.ActiveCfg = Release|Any CPU
		{C7F577EE-5ECE-4CF6-A8B8-1577946F3710}.Release|x64.Build.0 = Release|Any CPU
		{C7F577EE-5ECE-4CF6-A8B8-1577946F3710}.Release|x86.ActiveCfg = Release|Any CPU
		{C7F577EE-5ECE-4CF6-A8B8-1577946F3710}.Release|x86.Build.0 = Release|Any CPU
		{DEEBED68-E058-4017-AD89-6104C08347DE}.Debug|Any CPU.ActiveCfg = Debug|Any CPU
		{DEEBED68-E058-4017-AD89-6104C08347DE}.Debug|Any CPU.Build.0 = Debug|Any CPU
		{DEEBED68-E058-4017-AD89-6104C08347DE}.Debug|x64.ActiveCfg = Debug|Any CPU
		{DEEBED68-E058-4017-AD89-6104C08347DE}.Debug|x64.Build.0 = Debug|Any CPU
		{DEEBED68-E058-4017-AD89-6104C08347DE}.Debug|x86.ActiveCfg = Debug|Any CPU
		{DEEBED68-E058-4017-AD89-6104C08347DE}.Debug|x86.Build.0 = Debug|Any CPU
		{DEEBED68-E058-4017-AD89-6104C08347DE}.Release|Any CPU.ActiveCfg = Release|Any CPU
		{DEEBED68-E058-4017-AD89-6104C08347DE}.Release|Any CPU.Build.0 = Release|Any CPU
		{DEEBED68-E058-4017-AD89-6104C08347DE}.Release|x64.ActiveCfg = Release|Any CPU
		{DEEBED68-E058-4017-AD89-6104C08347DE}.Release|x64.Build.0 = Release|Any CPU
		{DEEBED68-E058-4017-AD89-6104C08347DE}.Release|x86.ActiveCfg = Release|Any CPU
		{DEEBED68-E058-4017-AD89-6104C08347DE}.Release|x86.Build.0 = Release|Any CPU
		{7ED4AF60-760E-4044-8BB6-FA42C1395217}.Debug|Any CPU.ActiveCfg = Debug|Any CPU
		{7ED4AF60-760E-4044-8BB6-FA42C1395217}.Debug|Any CPU.Build.0 = Debug|Any CPU
		{7ED4AF60-760E-4044-8BB6-FA42C1395217}.Debug|x64.ActiveCfg = Debug|Any CPU
		{7ED4AF60-760E-4044-8BB6-FA42C1395217}.Debug|x64.Build.0 = Debug|Any CPU
		{7ED4AF60-760E-4044-8BB6-FA42C1395217}.Debug|x86.ActiveCfg = Debug|Any CPU
		{7ED4AF60-760E-4044-8BB6-FA42C1395217}.Debug|x86.Build.0 = Debug|Any CPU
		{7ED4AF60-760E-4044-8BB6-FA42C1395217}.Release|Any CPU.ActiveCfg = Release|Any CPU
		{7ED4AF60-760E-4044-8BB6-FA42C1395217}.Release|Any CPU.Build.0 = Release|Any CPU
		{7ED4AF60-760E-4044-8BB6-FA42C1395217}.Release|x64.ActiveCfg = Release|Any CPU
		{7ED4AF60-760E-4044-8BB6-FA42C1395217}.Release|x64.Build.0 = Release|Any CPU
		{7ED4AF60-760E-4044-8BB6-FA42C1395217}.Release|x86.ActiveCfg = Release|Any CPU
		{7ED4AF60-760E-4044-8BB6-FA42C1395217}.Release|x86.Build.0 = Release|Any CPU
	EndGlobalSection
	GlobalSection(SolutionProperties) = preSolution
		HideSolutionNode = FALSE
	EndGlobalSection
	GlobalSection(NestedProjects) = preSolution
		{35930775-2533-4392-B504-0153EB56003C} = {183AEB3A-A086-1D8D-C95E-6378F77647C3}
		{A7B21F28-E59A-4BE3-95E4-9877FFD46D53} = {183AEB3A-A086-1D8D-C95E-6378F77647C3}
		{C1ACDDF0-755A-4A58-9656-36F7C26960BE} = {183AEB3A-A086-1D8D-C95E-6378F77647C3}
		{D490149D-5CB7-4B6A-A9F9-65641D705C2E} = {E49D7657-865C-8666-75EB-C47762A8CF49}
		{CA309A7E-76DB-497C-801A-00250D95916B} = {E49D7657-865C-8666-75EB-C47762A8CF49}
		{40EDC59E-C792-4216-AA4A-0103C29B9E7B} = {E49D7657-865C-8666-75EB-C47762A8CF49}
		{E3CBC349-24E7-4898-BF28-0B3D058879B0} = {9F5E6384-8D91-7B30-BF94-463B36B69FC3}
		{FF46D6FA-8DAC-4B79-907C-302E1D6D529E} = {9F5E6384-8D91-7B30-BF94-463B36B69FC3}
		{38B60551-D26E-4858-B281-6975999BAE3C} = {9F5E6384-8D91-7B30-BF94-463B36B69FC3}
		{47C14F5C-D9C5-4C9D-9018-212563E060EB} = {9F5E6384-8D91-7B30-BF94-463B36B69FC3}
		{C7F577EE-5ECE-4CF6-A8B8-1577946F3710} = {9F5E6384-8D91-7B30-BF94-463B36B69FC3}
		{DEEBED68-E058-4017-AD89-6104C08347DE} = {9F5E6384-8D91-7B30-BF94-463B36B69FC3}
	EndGlobalSection
EndGlobal
